// !$*UTF8*$!
{
	archiveVersion = 1;
	classes = {
	};
	objectVersion = 46;
	objects = {

/* Begin PBXBuildFile section */
		C908864B1C01BAA300A7F6D6 /* AppDelegate.swift in Sources */ = {isa = PBXBuildFile; fileRef = C908864A1C01BAA300A7F6D6 /* AppDelegate.swift */; };
		C908864D1C01BAA300A7F6D6 /* ViewController.swift in Sources */ = {isa = PBXBuildFile; fileRef = C908864C1C01BAA300A7F6D6 /* ViewController.swift */; };
		C90886501C01BAA300A7F6D6 /* Main.storyboard in Resources */ = {isa = PBXBuildFile; fileRef = C908864E1C01BAA300A7F6D6 /* Main.storyboard */; };
		C90886531C01BAA300A7F6D6 /* Jupiter.xcdatamodeld in Sources */ = {isa = PBXBuildFile; fileRef = C90886511C01BAA300A7F6D6 /* Jupiter.xcdatamodeld */; };
		C90886551C01BAA300A7F6D6 /* Assets.xcassets in Resources */ = {isa = PBXBuildFile; fileRef = C90886541C01BAA300A7F6D6 /* Assets.xcassets */; };
		C90886581C01BAA300A7F6D6 /* LaunchScreen.storyboard in Resources */ = {isa = PBXBuildFile; fileRef = C90886561C01BAA300A7F6D6 /* LaunchScreen.storyboard */; };
		C90886631C01BAA300A7F6D6 /* JupiterTests.swift in Sources */ = {isa = PBXBuildFile; fileRef = C90886621C01BAA300A7F6D6 /* JupiterTests.swift */; };
		C908866E1C01BAA400A7F6D6 /* JupiterUITests.swift in Sources */ = {isa = PBXBuildFile; fileRef = C908866D1C01BAA400A7F6D6 /* JupiterUITests.swift */; };
/* End PBXBuildFile section */

/* Begin PBXContainerItemProxy section */
		C908865F1C01BAA300A7F6D6 /* PBXContainerItemProxy */ = {
			isa = PBXContainerItemProxy;
			containerPortal = C908863F1C01BAA300A7F6D6 /* Project object */;
			proxyType = 1;
			remoteGlobalIDString = C90886461C01BAA300A7F6D6;
			remoteInfo = Jupiter;
		};
		C908866A1C01BAA300A7F6D6 /* PBXContainerItemProxy */ = {
			isa = PBXContainerItemProxy;
			containerPortal = C908863F1C01BAA300A7F6D6 /* Project object */;
			proxyType = 1;
			remoteGlobalIDString = C90886461C01BAA300A7F6D6;
			remoteInfo = Jupiter;
		};
/* End PBXContainerItemProxy section */

/* Begin PBXFileReference section */
		C90886471C01BAA300A7F6D6 /* Jupiter.app */ = {isa = PBXFileReference; explicitFileType = wrapper.application; includeInIndex = 0; path = Jupiter.app; sourceTree = BUILT_PRODUCTS_DIR; };
		C908864A1C01BAA300A7F6D6 /* AppDelegate.swift */ = {isa = PBXFileReference; lastKnownFileType = sourcecode.swift; path = AppDelegate.swift; sourceTree = "<group>"; };
		C908864C1C01BAA300A7F6D6 /* ViewController.swift */ = {isa = PBXFileReference; lastKnownFileType = sourcecode.swift; path = ViewController.swift; sourceTree = "<group>"; };
		C908864F1C01BAA300A7F6D6 /* Base */ = {isa = PBXFileReference; lastKnownFileType = file.storyboard; name = Base; path = Base.lproj/Main.storyboard; sourceTree = "<group>"; };
		C90886521C01BAA300A7F6D6 /* Jupiter.xcdatamodel */ = {isa = PBXFileReference; lastKnownFileType = wrapper.xcdatamodel; path = Jupiter.xcdatamodel; sourceTree = "<group>"; };
		C90886541C01BAA300A7F6D6 /* Assets.xcassets */ = {isa = PBXFileReference; lastKnownFileType = folder.assetcatalog; path = Assets.xcassets; sourceTree = "<group>"; };
		C90886571C01BAA300A7F6D6 /* Base */ = {isa = PBXFileReference; lastKnownFileType = file.storyboard; name = Base; path = Base.lproj/LaunchScreen.storyboard; sourceTree = "<group>"; };
		C90886591C01BAA300A7F6D6 /* Info.plist */ = {isa = PBXFileReference; lastKnownFileType = text.plist.xml; path = Info.plist; sourceTree = "<group>"; };
		C908865E1C01BAA300A7F6D6 /* JupiterTests.xctest */ = {isa = PBXFileReference; explicitFileType = wrapper.cfbundle; includeInIndex = 0; path = JupiterTests.xctest; sourceTree = BUILT_PRODUCTS_DIR; };
		C90886621C01BAA300A7F6D6 /* JupiterTests.swift */ = {isa = PBXFileReference; lastKnownFileType = sourcecode.swift; path = JupiterTests.swift; sourceTree = "<group>"; };
		C90886641C01BAA300A7F6D6 /* Info.plist */ = {isa = PBXFileReference; lastKnownFileType = text.plist.xml; path = Info.plist; sourceTree = "<group>"; };
		C90886691C01BAA300A7F6D6 /* JupiterUITests.xctest */ = {isa = PBXFileReference; explicitFileType = wrapper.cfbundle; includeInIndex = 0; path = JupiterUITests.xctest; sourceTree = BUILT_PRODUCTS_DIR; };
		C908866D1C01BAA400A7F6D6 /* JupiterUITests.swift */ = {isa = PBXFileReference; lastKnownFileType = sourcecode.swift; path = JupiterUITests.swift; sourceTree = "<group>"; };
		C908866F1C01BAA400A7F6D6 /* Info.plist */ = {isa = PBXFileReference; lastKnownFileType = text.plist.xml; path = Info.plist; sourceTree = "<group>"; };
/* End PBXFileReference section */

/* Begin PBXFrameworksBuildPhase section */
		C90886441C01BAA300A7F6D6 /* Frameworks */ = {
			isa = PBXFrameworksBuildPhase;
			buildActionMask = 2147483647;
			files = (
			);
			runOnlyForDeploymentPostprocessing = 0;
		};
		C908865B1C01BAA300A7F6D6 /* Frameworks */ = {
			isa = PBXFrameworksBuildPhase;
			buildActionMask = 2147483647;
			files = (
			);
			runOnlyForDeploymentPostprocessing = 0;
		};
		C90886661C01BAA300A7F6D6 /* Frameworks */ = {
			isa = PBXFrameworksBuildPhase;
			buildActionMask = 2147483647;
			files = (
			);
			runOnlyForDeploymentPostprocessing = 0;
		};
/* End PBXFrameworksBuildPhase section */

/* Begin PBXGroup section */
		C908863E1C01BAA300A7F6D6 = {
			isa = PBXGroup;
			children = (
				C90886491C01BAA300A7F6D6 /* Jupiter */,
				C90886611C01BAA300A7F6D6 /* JupiterTests */,
				C908866C1C01BAA400A7F6D6 /* JupiterUITests */,
				C90886481C01BAA300A7F6D6 /* Products */,
			);
			sourceTree = "<group>";
		};
		C90886481C01BAA300A7F6D6 /* Products */ = {
			isa = PBXGroup;
			children = (
				C90886471C01BAA300A7F6D6 /* Jupiter.app */,
				C908865E1C01BAA300A7F6D6 /* JupiterTests.xctest */,
				C90886691C01BAA300A7F6D6 /* JupiterUITests.xctest */,
			);
			name = Products;
			sourceTree = "<group>";
		};
		C90886491C01BAA300A7F6D6 /* Jupiter */ = {
			isa = PBXGroup;
			children = (
				C908864A1C01BAA300A7F6D6 /* AppDelegate.swift */,
				C908864C1C01BAA300A7F6D6 /* ViewController.swift */,
				C908864E1C01BAA300A7F6D6 /* Main.storyboard */,
				C90886541C01BAA300A7F6D6 /* Assets.xcassets */,
				C90886561C01BAA300A7F6D6 /* LaunchScreen.storyboard */,
				C90886591C01BAA300A7F6D6 /* Info.plist */,
				C90886511C01BAA300A7F6D6 /* Jupiter.xcdatamodeld */,
			);
			path = Jupiter;
			sourceTree = "<group>";
		};
		C90886611C01BAA300A7F6D6 /* JupiterTests */ = {
			isa = PBXGroup;
			children = (
				C90886621C01BAA300A7F6D6 /* JupiterTests.swift */,
				C90886641C01BAA300A7F6D6 /* Info.plist */,
			);
			path = JupiterTests;
			sourceTree = "<group>";
		};
		C908866C1C01BAA400A7F6D6 /* JupiterUITests */ = {
			isa = PBXGroup;
			children = (
				C908866D1C01BAA400A7F6D6 /* JupiterUITests.swift */,
				C908866F1C01BAA400A7F6D6 /* Info.plist */,
			);
			path = JupiterUITests;
			sourceTree = "<group>";
		};
/* End PBXGroup section */

/* Begin PBXNativeTarget section */
		C90886461C01BAA300A7F6D6 /* Jupiter */ = {
			isa = PBXNativeTarget;
			buildConfigurationList = C90886721C01BAA400A7F6D6 /* Build configuration list for PBXNativeTarget "Jupiter" */;
			buildPhases = (
				C90886431C01BAA300A7F6D6 /* Sources */,
				C90886441C01BAA300A7F6D6 /* Frameworks */,
				C90886451C01BAA300A7F6D6 /* Resources */,
			);
			buildRules = (
			);
			dependencies = (
			);
			name = Jupiter;
			productName = Jupiter;
			productReference = C90886471C01BAA300A7F6D6 /* Jupiter.app */;
			productType = "com.apple.product-type.application";
		};
		C908865D1C01BAA300A7F6D6 /* JupiterTests */ = {
			isa = PBXNativeTarget;
			buildConfigurationList = C90886751C01BAA400A7F6D6 /* Build configuration list for PBXNativeTarget "JupiterTests" */;
			buildPhases = (
				C908865A1C01BAA300A7F6D6 /* Sources */,
				C908865B1C01BAA300A7F6D6 /* Frameworks */,
				C908865C1C01BAA300A7F6D6 /* Resources */,
			);
			buildRules = (
			);
			dependencies = (
				C90886601C01BAA300A7F6D6 /* PBXTargetDependency */,
			);
			name = JupiterTests;
			productName = JupiterTests;
			productReference = C908865E1C01BAA300A7F6D6 /* JupiterTests.xctest */;
			productType = "com.apple.product-type.bundle.unit-test";
		};
		C90886681C01BAA300A7F6D6 /* JupiterUITests */ = {
			isa = PBXNativeTarget;
			buildConfigurationList = C90886781C01BAA400A7F6D6 /* Build configuration list for PBXNativeTarget "JupiterUITests" */;
			buildPhases = (
				C90886651C01BAA300A7F6D6 /* Sources */,
				C90886661C01BAA300A7F6D6 /* Frameworks */,
				C90886671C01BAA300A7F6D6 /* Resources */,
			);
			buildRules = (
			);
			dependencies = (
				C908866B1C01BAA300A7F6D6 /* PBXTargetDependency */,
			);
			name = JupiterUITests;
			productName = JupiterUITests;
			productReference = C90886691C01BAA300A7F6D6 /* JupiterUITests.xctest */;
			productType = "com.apple.product-type.bundle.ui-testing";
		};
/* End PBXNativeTarget section */

/* Begin PBXProject section */
		C908863F1C01BAA300A7F6D6 /* Project object */ = {
			isa = PBXProject;
			attributes = {
				LastSwiftUpdateCheck = 0710;
				LastUpgradeCheck = 0710;
				ORGANIZATIONNAME = wkodate;
				TargetAttributes = {
					C90886461C01BAA300A7F6D6 = {
						CreatedOnToolsVersion = 7.1.1;
					};
					C908865D1C01BAA300A7F6D6 = {
						CreatedOnToolsVersion = 7.1.1;
						TestTargetID = C90886461C01BAA300A7F6D6;
					};
					C90886681C01BAA300A7F6D6 = {
						CreatedOnToolsVersion = 7.1.1;
						TestTargetID = C90886461C01BAA300A7F6D6;
					};
				};
			};
			buildConfigurationList = C90886421C01BAA300A7F6D6 /* Build configuration list for PBXProject "Jupiter" */;
			compatibilityVersion = "Xcode 3.2";
			developmentRegion = English;
			hasScannedForEncodings = 0;
			knownRegions = (
				en,
				Base,
			);
			mainGroup = C908863E1C01BAA300A7F6D6;
			productRefGroup = C90886481C01BAA300A7F6D6 /* Products */;
			projectDirPath = "";
			projectRoot = "";
			targets = (
				C90886461C01BAA300A7F6D6 /* Jupiter */,
				C908865D1C01BAA300A7F6D6 /* JupiterTests */,
				C90886681C01BAA300A7F6D6 /* JupiterUITests */,
			);
		};
/* End PBXProject section */

/* Begin PBXResourcesBuildPhase section */
		C90886451C01BAA300A7F6D6 /* Resources */ = {
			isa = PBXResourcesBuildPhase;
			buildActionMask = 2147483647;
			files = (
				C90886581C01BAA300A7F6D6 /* LaunchScreen.storyboard in Resources */,
				C90886551C01BAA300A7F6D6 /* Assets.xcassets in Resources */,
				C90886501C01BAA300A7F6D6 /* Main.storyboard in Resources */,
			);
			runOnlyForDeploymentPostprocessing = 0;
		};
		C908865C1C01BAA300A7F6D6 /* Resources */ = {
			isa = PBXResourcesBuildPhase;
			buildActionMask = 2147483647;
			files = (
			);
			runOnlyForDeploymentPostprocessing = 0;
		};
		C90886671C01BAA300A7F6D6 /* Resources */ = {
			isa = PBXResourcesBuildPhase;
			buildActionMask = 2147483647;
			files = (
			);
			runOnlyForDeploymentPostprocessing = 0;
		};
/* End PBXResourcesBuildPhase section */

/* Begin PBXSourcesBuildPhase section */
		C90886431C01BAA300A7F6D6 /* Sources */ = {
			isa = PBXSourcesBuildPhase;
			buildActionMask = 2147483647;
			files = (
				C90886531C01BAA300A7F6D6 /* Jupiter.xcdatamodeld in Sources */,
				C908864D1C01BAA300A7F6D6 /* ViewController.swift in Sources */,
				C908864B1C01BAA300A7F6D6 /* AppDelegate.swift in Sources */,
			);
			runOnlyForDeploymentPostprocessing = 0;
		};
		C908865A1C01BAA300A7F6D6 /* Sources */ = {
			isa = PBXSourcesBuildPhase;
			buildActionMask = 2147483647;
			files = (
				C90886631C01BAA300A7F6D6 /* JupiterTests.swift in Sources */,
			);
			runOnlyForDeploymentPostprocessing = 0;
		};
		C90886651C01BAA300A7F6D6 /* Sources */ = {
			isa = PBXSourcesBuildPhase;
			buildActionMask = 2147483647;
			files = (
				C908866E1C01BAA400A7F6D6 /* JupiterUITests.swift in Sources */,
			);
			runOnlyForDeploymentPostprocessing = 0;
		};
/* End PBXSourcesBuildPhase section */

/* Begin PBXTargetDependency section */
		C90886601C01BAA300A7F6D6 /* PBXTargetDependency */ = {
			isa = PBXTargetDependency;
			target = C90886461C01BAA300A7F6D6 /* Jupiter */;
			targetProxy = C908865F1C01BAA300A7F6D6 /* PBXContainerItemProxy */;
		};
		C908866B1C01BAA300A7F6D6 /* PBXTargetDependency */ = {
			isa = PBXTargetDependency;
			target = C90886461C01BAA300A7F6D6 /* Jupiter */;
			targetProxy = C908866A1C01BAA300A7F6D6 /* PBXContainerItemProxy */;
		};
/* End PBXTargetDependency section */

/* Begin PBXVariantGroup section */
		C908864E1C01BAA300A7F6D6 /* Main.storyboard */ = {
			isa = PBXVariantGroup;
			children = (
				C908864F1C01BAA300A7F6D6 /* Base */,
			);
			name = Main.storyboard;
			sourceTree = "<group>";
		};
		C90886561C01BAA300A7F6D6 /* LaunchScreen.storyboard */ = {
			isa = PBXVariantGroup;
			children = (
				C90886571C01BAA300A7F6D6 /* Base */,
			);
			name = LaunchScreen.storyboard;
			sourceTree = "<group>";
		};
/* End PBXVariantGroup section */

/* Begin XCBuildConfiguration section */
		C90886701C01BAA400A7F6D6 /* Debug */ = {
			isa = XCBuildConfiguration;
			buildSettings = {
				ALWAYS_SEARCH_USER_PATHS = NO;
				CLANG_CXX_LANGUAGE_STANDARD = "gnu++0x";
				CLANG_CXX_LIBRARY = "libc++";
				CLANG_ENABLE_MODULES = YES;
				CLANG_ENABLE_OBJC_ARC = YES;
				CLANG_WARN_BOOL_CONVERSION = YES;
				CLANG_WARN_CONSTANT_CONVERSION = YES;
				CLANG_WARN_DIRECT_OBJC_ISA_USAGE = YES_ERROR;
				CLANG_WARN_EMPTY_BODY = YES;
				CLANG_WARN_ENUM_CONVERSION = YES;
				CLANG_WARN_INT_CONVERSION = YES;
				CLANG_WARN_OBJC_ROOT_CLASS = YES_ERROR;
				CLANG_WARN_UNREACHABLE_CODE = YES;
				CLANG_WARN__DUPLICATE_METHOD_MATCH = YES;
				"CODE_SIGN_IDENTITY[sdk=iphoneos*]" = "iPhone Developer";
				COPY_PHASE_STRIP = NO;
				DEBUG_INFORMATION_FORMAT = dwarf;
				ENABLE_STRICT_OBJC_MSGSEND = YES;
				ENABLE_TESTABILITY = YES;
				GCC_C_LANGUAGE_STANDARD = gnu99;
				GCC_DYNAMIC_NO_PIC = NO;
				GCC_NO_COMMON_BLOCKS = YES;
				GCC_OPTIMIZATION_LEVEL = 0;
				GCC_PREPROCESSOR_DEFINITIONS = (
					"DEBUG=1",
					"$(inherited)",
				);
				GCC_WARN_64_TO_32_BIT_CONVERSION = YES;
				GCC_WARN_ABOUT_RETURN_TYPE = YES_ERROR;
				GCC_WARN_UNDECLARED_SELECTOR = YES;
				GCC_WARN_UNINITIALIZED_AUTOS = YES_AGGRESSIVE;
				GCC_WARN_UNUSED_FUNCTION = YES;
				GCC_WARN_UNUSED_VARIABLE = YES;
				IPHONEOS_DEPLOYMENT_TARGET = 9.1;
				MTL_ENABLE_DEBUG_INFO = YES;
				ONLY_ACTIVE_ARCH = YES;
				SDKROOT = iphoneos;
				SWIFT_OPTIMIZATION_LEVEL = "-Onone";
			};
			name = Debug;
		};
		C90886711C01BAA400A7F6D6 /* Release */ = {
			isa = XCBuildConfiguration;
			buildSettings = {
				ALWAYS_SEARCH_USER_PATHS = NO;
				CLANG_CXX_LANGUAGE_STANDARD = "gnu++0x";
				CLANG_CXX_LIBRARY = "libc++";
				CLANG_ENABLE_MODULES = YES;
				CLANG_ENABLE_OBJC_ARC = YES;
				CLANG_WARN_BOOL_CONVERSION = YES;
				CLANG_WARN_CONSTANT_CONVERSION = YES;
				CLANG_WARN_DIRECT_OBJC_ISA_USAGE = YES_ERROR;
				CLANG_WARN_EMPTY_BODY = YES;
				CLANG_WARN_ENUM_CONVERSION = YES;
				CLANG_WARN_INT_CONVERSION = YES;
				CLANG_WARN_OBJC_ROOT_CLASS = YES_ERROR;
				CLANG_WARN_UNREACHABLE_CODE = YES;
				CLANG_WARN__DUPLICATE_METHOD_MATCH = YES;
				"CODE_SIGN_IDENTITY[sdk=iphoneos*]" = "iPhone Developer";
				COPY_PHASE_STRIP = NO;
				DEBUG_INFORMATION_FORMAT = "dwarf-with-dsym";
				ENABLE_NS_ASSERTIONS = NO;
				ENABLE_STRICT_OBJC_MSGSEND = YES;
				GCC_C_LANGUAGE_STANDARD = gnu99;
				GCC_NO_COMMON_BLOCKS = YES;
				GCC_WARN_64_TO_32_BIT_CONVERSION = YES;
				GCC_WARN_ABOUT_RETURN_TYPE = YES_ERROR;
				GCC_WARN_UNDECLARED_SELECTOR = YES;
				GCC_WARN_UNINITIALIZED_AUTOS = YES_AGGRESSIVE;
				GCC_WARN_UNUSED_FUNCTION = YES;
				GCC_WARN_UNUSED_VARIABLE = YES;
				IPHONEOS_DEPLOYMENT_TARGET = 9.1;
				MTL_ENABLE_DEBUG_INFO = NO;
				SDKROOT = iphoneos;
				VALIDATE_PRODUCT = YES;
			};
			name = Release;
		};
		C90886731C01BAA400A7F6D6 /* Debug */ = {
			isa = XCBuildConfiguration;
			buildSettings = {
				ASSETCATALOG_COMPILER_APPICON_NAME = AppIcon;
				INFOPLIST_FILE = Jupiter/Info.plist;
				LD_RUNPATH_SEARCH_PATHS = "$(inherited) @executable_path/Frameworks";
				PRODUCT_BUNDLE_IDENTIFIER = com.wkodate.Jupiter;
				PRODUCT_NAME = "$(TARGET_NAME)";
			};
			name = Debug;
		};
		C90886741C01BAA400A7F6D6 /* Release */ = {
			isa = XCBuildConfiguration;
			buildSettings = {
				ASSETCATALOG_COMPILER_APPICON_NAME = AppIcon;
				INFOPLIST_FILE = Jupiter/Info.plist;
				LD_RUNPATH_SEARCH_PATHS = "$(inherited) @executable_path/Frameworks";
				PRODUCT_BUNDLE_IDENTIFIER = com.wkodate.Jupiter;
				PRODUCT_NAME = "$(TARGET_NAME)";
			};
			name = Release;
		};
		C90886761C01BAA400A7F6D6 /* Debug */ = {
			isa = XCBuildConfiguration;
			buildSettings = {
				BUNDLE_LOADER = "$(TEST_HOST)";
				INFOPLIST_FILE = JupiterTests/Info.plist;
				LD_RUNPATH_SEARCH_PATHS = "$(inherited) @executable_path/Frameworks @loader_path/Frameworks";
				PRODUCT_BUNDLE_IDENTIFIER = com.wkodate.JupiterTests;
				PRODUCT_NAME = "$(TARGET_NAME)";
				TEST_HOST = "$(BUILT_PRODUCTS_DIR)/Jupiter.app/Jupiter";
			};
			name = Debug;
		};
		C90886771C01BAA400A7F6D6 /* Release */ = {
			isa = XCBuildConfiguration;
			buildSettings = {
				BUNDLE_LOADER = "$(TEST_HOST)";
				INFOPLIST_FILE = JupiterTests/Info.plist;
				LD_RUNPATH_SEARCH_PATHS = "$(inherited) @executable_path/Frameworks @loader_path/Frameworks";
				PRODUCT_BUNDLE_IDENTIFIER = com.wkodate.JupiterTests;
				PRODUCT_NAME = "$(TARGET_NAME)";
				TEST_HOST = "$(BUILT_PRODUCTS_DIR)/Jupiter.app/Jupiter";
			};
			name = Release;
		};
		C90886791C01BAA400A7F6D6 /* Debug */ = {
			isa = XCBuildConfiguration;
			buildSettings = {
				INFOPLIST_FILE = JupiterUITests/Info.plist;
				LD_RUNPATH_SEARCH_PATHS = "$(inherited) @executable_path/Frameworks @loader_path/Frameworks";
				PRODUCT_BUNDLE_IDENTIFIER = com.wkodate.JupiterUITests;
				PRODUCT_NAME = "$(TARGET_NAME)";
				TEST_TARGET_NAME = Jupiter;
				USES_XCTRUNNER = YES;
			};
			name = Debug;
		};
		C908867A1C01BAA400A7F6D6 /* Release */ = {
			isa = XCBuildConfiguration;
			buildSettings = {
				INFOPLIST_FILE = JupiterUITests/Info.plist;
				LD_RUNPATH_SEARCH_PATHS = "$(inherited) @executable_path/Frameworks @loader_path/Frameworks";
				PRODUCT_BUNDLE_IDENTIFIER = com.wkodate.JupiterUITests;
				PRODUCT_NAME = "$(TARGET_NAME)";
				TEST_TARGET_NAME = Jupiter;
				USES_XCTRUNNER = YES;
			};
			name = Release;
		};
/* End XCBuildConfiguration section */

/* Begin XCConfigurationList section */
		C90886421C01BAA300A7F6D6 /* Build configuration list for PBXProject "Jupiter" */ = {
			isa = XCConfigurationList;
			buildConfigurations = (
				C90886701C01BAA400A7F6D6 /* Debug */,
				C90886711C01BAA400A7F6D6 /* Release */,
			);
			defaultConfigurationIsVisible = 0;
			defaultConfigurationName = Release;
		};
		C90886721C01BAA400A7F6D6 /* Build configuration list for PBXNativeTarget "Jupiter" */ = {
			isa = XCConfigurationList;
			buildConfigurations = (
				C90886731C01BAA400A7F6D6 /* Debug */,
				C90886741C01BAA400A7F6D6 /* Release */,
			);
			defaultConfigurationIsVisible = 0;
		};
		C90886751C01BAA400A7F6D6 /* Build configuration list for PBXNativeTarget "JupiterTests" */ = {
			isa = XCConfigurationList;
			buildConfigurations = (
				C90886761C01BAA400A7F6D6 /* Debug */,
				C90886771C01BAA400A7F6D6 /* Release */,
			);
			defaultConfigurationIsVisible = 0;
		};
		C90886781C01BAA400A7F6D6 /* Build configuration list for PBXNativeTarget "JupiterUITests" */ = {
			isa = XCConfigurationList;
			buildConfigurations = (
				C90886791C01BAA400A7F6D6 /* Debug */,
				C908867A1C01BAA400A7F6D6 /* Release */,
			);
			defaultConfigurationIsVisible = 0;
		};
/* End XCConfigurationList section */

/* Begin XCVersionGroup section */
		C90886511C01BAA300A7F6D6 /* Jupiter.xcdatamodeld */ = {
			isa = XCVersionGroup;
			children = (
				C90886521C01BAA300A7F6D6 /* Jupiter.xcdatamodel */,
			);
			currentVersion = C90886521C01BAA300A7F6D6 /* Jupiter.xcdatamodel */;
			path = Jupiter.xcdatamodeld;
			sourceTree = "<group>";
			versionGroupType = wrapper.xcdatamodel;
		};
/* End XCVersionGroup section */
	};
	rootObject = C908863F1C01BAA300A7F6D6 /* Project object */;
}
